
Microsoft Visual Studio Solution File, Format Version 12.00
# Visual Studio Version 16
VisualStudioVersion = 16.0.29424.173
MinimumVisualStudioVersion = 10.0.40219.1
Project("{FAE04EC0-301F-11D3-BF4B-00C04F79EFBC}") = "LangKeyExpert", "LangKeyExpert\LangKeyExpert.csproj", "{979CFD4B-6D42-4587-982E-1DD87B8F6615}"
EndProject
Global
	GlobalSection(SolutionConfigurationPlatforms) = preSolution
		Debug|Any CPU = Debug|Any CPU
		Release|Any CPU = Release|Any CPU
	EndGlobalSection
	GlobalSection(ProjectConfigurationPlatforms) = postSolution
		{979CFD4B-6D42-4587-982E-1DD87B8F6615}.Debug|Any CPU.ActiveCfg = Debug|Any CPU
		{979CFD4B-6D42-4587-982E-1DD87B8F6615}.Debug|Any CPU.Build.0 = Debug|Any CPU
		{979CFD4B-6D42-4587-982E-1DD87B8F6615}.Release|Any CPU.ActiveCfg = Release|Any CPU
		{979CFD4B-6D42-4587-982E-1DD87B8F6615}.Release|Any CPU.Build.0 = Release|Any CPU
	EndGlobalSection
	GlobalSection(SolutionProperties) = preSolution
		HideSolutionNode = FALSE
	EndGlobalSection
	GlobalSection(ExtensibilityGlobals) = postSolution
		SolutionGuid = {AC28EAB9-3FF2-41BD-B49E-E910715D98E9}
	EndGlobalSection
EndGlobal
